{
  "name": "curso_angularjs",
  "version": "1.0.0",
  "lockfileVersion": 1,
  "dependencies": {
    "@uirouter/core": {
      "version": "5.0.3",
      "resolved": "https://registry.npmjs.org/@uirouter/core/-/core-5.0.3.tgz",
      "integrity": "sha1-4rWx5FGQ4gxnuk4VwBPeXU4MyrM="
    },
    "angular": {
      "version": "1.6.5",
      "resolved": "https://registry.npmjs.org/angular/-/angular-1.6.5.tgz",
      "integrity": "sha1-N/eI7r7Fzi4/oCsXu8sqIxV2oNY="
    },
    "angular-local-storage": {
      "version": "0.6.0",
      "resolved": "https://registry.npmjs.org/angular-local-storage/-/angular-local-storage-0.6.0.tgz",
      "integrity": "sha1-TbqXcv73UgcN5ak+ICvohrKZxoY="
    },
    "angular-route": {
      "version": "1.6.5",
      "resolved": "https://registry.npmjs.org/angular-route/-/angular-route-1.6.5.tgz",
      "integrity": "sha1-r0VZMpn1WHTQJhAYrbEVIKOBfSo="
    },
    "angular-ui-router": {
      "version": "1.0.3",
      "resolved": "https://registry.npmjs.org/angular-ui-router/-/angular-ui-router-1.0.3.tgz",
      "integrity": "sha1-vySUyq6Vw3zwGvN2HYl0fP7S20U="
    },
    "angular-ui-sortable": {
      "version": "0.17.1",
      "resolved": "https://registry.npmjs.org/angular-ui-sortable/-/angular-ui-sortable-0.17.1.tgz",
      "integrity": "sha1-XUGqkRxQReIIDhGnypNlnCnLZrg="
    },
    "bootstrap": {
      "version": "3.3.7",
      "resolved": "https://registry.npmjs.org/bootstrap/-/bootstrap-3.3.7.tgz",
      "integrity": "sha1-WjiTlFSfIzMIdaOxUGVldPip63E="
    },
    "jquery": {
      "version": "3.2.1",
      "resolved": "https://registry.npmjs.org/jquery/-/jquery-3.2.1.tgz",
      "integrity": "sha1-XE2d5lKvbNCncBVKYxu6ErAVx4c="
    },
    "jquery-ui-dist": {
      "version": "1.12.1",
      "resolved": "https://registry.npmjs.org/jquery-ui-dist/-/jquery-ui-dist-1.12.1.tgz",
      "integrity": "sha1-XAgV08xvkP9fqvWyaKbiO0ypBPo="
    }
  }
}
